
Microsoft Visual Studio Solution File, Format Version 12.00
# Visual Studio Version 17
VisualStudioVersion = 17.2.32630.192
MinimumVisualStudioVersion = 10.0.40219.1
Project("{FAE04EC0-301F-11D3-BF4B-00C04F79EFBC}") = "FindANumber", "FindANumber\FindANumber.csproj", "{98620D0F-AC2E-49C4-A8CF-FA0AB0F0E584}"
EndProject
Global
	GlobalSection(SolutionConfigurationPlatforms) = preSolution
		Debug|Any CPU = Debug|Any CPU
		Release|Any CPU = Release|Any CPU
	EndGlobalSection
	GlobalSection(ProjectConfigurationPlatforms) = postSolution
		{98620D0F-AC2E-49C4-A8CF-FA0AB0F0E584}.Debug|Any CPU.ActiveCfg = Debug|Any CPU
		{98620D0F-AC2E-49C4-A8CF-FA0AB0F0E584}.Debug|Any CPU.Build.0 = Debug|Any CPU
		{98620D0F-AC2E-49C4-A8CF-FA0AB0F0E584}.Release|Any CPU.ActiveCfg = Release|Any CPU
		{98620D0F-AC2E-49C4-A8CF-FA0AB0F0E584}.Release|Any CPU.Build.0 = Release|Any CPU
	EndGlobalSection
	GlobalSection(SolutionProperties) = preSolution
		HideSolutionNode = FALSE
	EndGlobalSection
	GlobalSection(ExtensibilityGlobals) = postSolution
		SolutionGuid = {15F8C797-1D19-4AD9-9259-0AC7E6696597}
	EndGlobalSection
EndGlobal
